
Microsoft Visual Studio Solution File, Format Version 12.00
# Visual Studio Version 17
VisualStudioVersion = 17.4.33213.308
MinimumVisualStudioVersion = 10.0.40219.1
Project("{FAE04EC0-301F-11D3-BF4B-00C04F79EFBC}") = "Examen_Parcial2", "Examen_Parcial2.csproj", "{0667462B-942A-4C8C-A7AE-12D2F5B960C6}"
EndProject
Global
	GlobalSection(SolutionConfigurationPlatforms) = preSolution
		Debug|Any CPU = Debug|Any CPU
		Release|Any CPU = Release|Any CPU
	EndGlobalSection
	GlobalSection(ProjectConfigurationPlatforms) = postSolution
		{0667462B-942A-4C8C-A7AE-12D2F5B960C6}.Debug|Any CPU.ActiveCfg = Debug|Any CPU
		{0667462B-942A-4C8C-A7AE-12D2F5B960C6}.Debug|Any CPU.Build.0 = Debug|Any CPU
		{0667462B-942A-4C8C-A7AE-12D2F5B960C6}.Release|Any CPU.ActiveCfg = Release|Any CPU
		{0667462B-942A-4C8C-A7AE-12D2F5B960C6}.Release|Any CPU.Build.0 = Release|Any CPU
	EndGlobalSection
	GlobalSection(SolutionProperties) = preSolution
		HideSolutionNode = FALSE
	EndGlobalSection
	GlobalSection(ExtensibilityGlobals) = postSolution
		SolutionGuid = {FEA85FEE-D50F-48E6-B6C2-680ED94CA569}
	EndGlobalSection
EndGlobal
